
Microsoft Visual Studio Solution File, Format Version 12.00
# Visual Studio 14
VisualStudioVersion = 14.0.23107.0
MinimumVisualStudioVersion = 10.0.40219.1
Project("{FAE04EC0-301F-11D3-BF4B-00C04F79EFBC}") = "Quiron.LojaVirtual.Dominio", "Quiron.LojaVirtual.Dominio\Quiron.LojaVirtual.Dominio.csproj", "{52CB3F57-5A05-41FB-B573-1A297D496728}"
EndProject
Project("{FAE04EC0-301F-11D3-BF4B-00C04F79EFBC}") = "Quiron.LojaVirtual.Web", "Quiron.LojaVirtual.Web\Quiron.LojaVirtual.Web.csproj", "{687A47E3-39D2-4E6C-9090-2C2E28858E62}"
EndProject
Project("{FAE04EC0-301F-11D3-BF4B-00C04F79EFBC}") = "Quiron.LojaVirtual.UnitTest", "Quiron.LojaVirtual.UnitTest\Quiron.LojaVirtual.UnitTest.csproj", "{29D62A9C-047D-4C52-BCAD-00B52968BD29}"
EndProject
Global
	GlobalSection(SolutionConfigurationPlatforms) = preSolution
		Debug|Any CPU = Debug|Any CPU
		Release|Any CPU = Release|Any CPU
	EndGlobalSection
	GlobalSection(ProjectConfigurationPlatforms) = postSolution
		{52CB3F57-5A05-41FB-B573-1A297D496728}.Debug|Any CPU.ActiveCfg = Debug|Any CPU
		{52CB3F57-5A05-41FB-B573-1A297D496728}.Debug|Any CPU.Build.0 = Debug|Any CPU
		{52CB3F57-5A05-41FB-B573-1A297D496728}.Release|Any CPU.ActiveCfg = Release|Any CPU
		{52CB3F57-5A05-41FB-B573-1A297D496728}.Release|Any CPU.Build.0 = Release|Any CPU
		{687A47E3-39D2-4E6C-9090-2C2E28858E62}.Debug|Any CPU.ActiveCfg = Debug|Any CPU
		{687A47E3-39D2-4E6C-9090-2C2E28858E62}.Debug|Any CPU.Build.0 = Debug|Any CPU
		{687A47E3-39D2-4E6C-9090-2C2E28858E62}.Release|Any CPU.ActiveCfg = Release|Any CPU
		{687A47E3-39D2-4E6C-9090-2C2E28858E62}.Release|Any CPU.Build.0 = Release|Any CPU
		{29D62A9C-047D-4C52-BCAD-00B52968BD29}.Debug|Any CPU.ActiveCfg = Debug|Any CPU
		{29D62A9C-047D-4C52-BCAD-00B52968BD29}.Debug|Any CPU.Build.0 = Debug|Any CPU
		{29D62A9C-047D-4C52-BCAD-00B52968BD29}.Release|Any CPU.ActiveCfg = Release|Any CPU
		{29D62A9C-047D-4C52-BCAD-00B52968BD29}.Release|Any CPU.Build.0 = Release|Any CPU
	EndGlobalSection
	GlobalSection(SolutionProperties) = preSolution
		HideSolutionNode = FALSE
	EndGlobalSection
EndGlobal
